
Microsoft Visual Studio Solution File, Format Version 12.00
# Visual Studio Version 17
VisualStudioVersion = 17.2.32616.157
MinimumVisualStudioVersion = 10.0.40219.1
Project("{FAE04EC0-301F-11D3-BF4B-00C04F79EFBC}") = "ExamOnline", "ExamOnline\ExamOnline.csproj", "{B54EE290-5C03-4E23-A7CE-04305AC2284F}"
EndProject
Global
	GlobalSection(SolutionConfigurationPlatforms) = preSolution
		Debug|Any CPU = Debug|Any CPU
		Release|Any CPU = Release|Any CPU
	EndGlobalSection
	GlobalSection(ProjectConfigurationPlatforms) = postSolution
		{B54EE290-5C03-4E23-A7CE-04305AC2284F}.Debug|Any CPU.ActiveCfg = Debug|Any CPU
		{B54EE290-5C03-4E23-A7CE-04305AC2284F}.Debug|Any CPU.Build.0 = Debug|Any CPU
		{B54EE290-5C03-4E23-A7CE-04305AC2284F}.Release|Any CPU.ActiveCfg = Release|Any CPU
		{B54EE290-5C03-4E23-A7CE-04305AC2284F}.Release|Any CPU.Build.0 = Release|Any CPU
	EndGlobalSection
	GlobalSection(SolutionProperties) = preSolution
		HideSolutionNode = FALSE
	EndGlobalSection
	GlobalSection(ExtensibilityGlobals) = postSolution
		SolutionGuid = {AF6AA1E2-6664-4278-8E5F-7986A8212B4A}
	EndGlobalSection
EndGlobal
